
Microsoft Visual Studio Solution File, Format Version 12.00
# Visual Studio Version 16
VisualStudioVersion = 16.0.29123.88
MinimumVisualStudioVersion = 10.0.40219.1
Project("{FAE04EC0-301F-11D3-BF4B-00C04F79EFBC}") = "MusicPlayer_Project", "MusicPlayer_Project\MusicPlayer_Project.csproj", "{A22F5F11-54ED-4DAB-9826-7DA95B6BCC43}"
EndProject
Global
	GlobalSection(SolutionConfigurationPlatforms) = preSolution
		Debug|Any CPU = Debug|Any CPU
		Release|Any CPU = Release|Any CPU
	EndGlobalSection
	GlobalSection(ProjectConfigurationPlatforms) = postSolution
		{A22F5F11-54ED-4DAB-9826-7DA95B6BCC43}.Debug|Any CPU.ActiveCfg = Debug|Any CPU
		{A22F5F11-54ED-4DAB-9826-7DA95B6BCC43}.Debug|Any CPU.Build.0 = Debug|Any CPU
		{A22F5F11-54ED-4DAB-9826-7DA95B6BCC43}.Release|Any CPU.ActiveCfg = Release|Any CPU
		{A22F5F11-54ED-4DAB-9826-7DA95B6BCC43}.Release|Any CPU.Build.0 = Release|Any CPU
	EndGlobalSection
	GlobalSection(SolutionProperties) = preSolution
		HideSolutionNode = FALSE
	EndGlobalSection
	GlobalSection(ExtensibilityGlobals) = postSolution
		SolutionGuid = {A747F313-0708-48AE-9568-C335B3E04AE4}
	EndGlobalSection
EndGlobal
